
Microsoft Visual Studio Solution File, Format Version 12.00
# Visual Studio Version 16
VisualStudioVersion = 16.0.31313.79
MinimumVisualStudioVersion = 10.0.40219.1
Project("{9A19103F-16F7-4668-BE54-9A1E7A4F7556}") = "BethanyPieShopHRM.App", "BethanyPieShopHRM.App\BethanyPieShopHRM.App.csproj", "{CCF38889-60CA-4DB8-B85F-D85D4DB858CE}"
EndProject
Project("{FAE04EC0-301F-11D3-BF4B-00C04F79EFBC}") = "BethanysPieShopHRM.Shared", "BethanysPieShopHRM.Shared\BethanysPieShopHRM.Shared.csproj", "{43AFF449-C2B6-45CB-AB6E-FB9DF21E269F}"
EndProject
Global
	GlobalSection(SolutionConfigurationPlatforms) = preSolution
		Debug|Any CPU = Debug|Any CPU
		Release|Any CPU = Release|Any CPU
	EndGlobalSection
	GlobalSection(ProjectConfigurationPlatforms) = postSolution
		{CCF38889-60CA-4DB8-B85F-D85D4DB858CE}.Debug|Any CPU.ActiveCfg = Debug|Any CPU
		{CCF38889-60CA-4DB8-B85F-D85D4DB858CE}.Debug|Any CPU.Build.0 = Debug|Any CPU
		{CCF38889-60CA-4DB8-B85F-D85D4DB858CE}.Release|Any CPU.ActiveCfg = Release|Any CPU
		{CCF38889-60CA-4DB8-B85F-D85D4DB858CE}.Release|Any CPU.Build.0 = Release|Any CPU
		{43AFF449-C2B6-45CB-AB6E-FB9DF21E269F}.Debug|Any CPU.ActiveCfg = Debug|Any CPU
		{43AFF449-C2B6-45CB-AB6E-FB9DF21E269F}.Debug|Any CPU.Build.0 = Debug|Any CPU
		{43AFF449-C2B6-45CB-AB6E-FB9DF21E269F}.Release|Any CPU.ActiveCfg = Release|Any CPU
		{43AFF449-C2B6-45CB-AB6E-FB9DF21E269F}.Release|Any CPU.Build.0 = Release|Any CPU
	EndGlobalSection
	GlobalSection(SolutionProperties) = preSolution
		HideSolutionNode = FALSE
	EndGlobalSection
	GlobalSection(ExtensibilityGlobals) = postSolution
		SolutionGuid = {4A86C3E0-436A-4CE2-9B57-E9301FBDB863}
	EndGlobalSection
EndGlobal
